PODS:
  - GoogleAds-IMA-iOS-SDK (3.14.5)
  - VoltaxSDK (1.2.1)

DEPENDENCIES:
  - GoogleAds-IMA-iOS-SDK (~> 3.14)
  - VoltaxSDK (= 1.2.1)

SPEC REPOS:
  trunk:
    - GoogleAds-IMA-iOS-SDK
    - VoltaxSDK

SPEC CHECKSUMS:
  GoogleAds-IMA-iOS-SDK: b088674002266c5638e73d10696c8b13872ee15e
  VoltaxSDK: 6606a47df28c95ea756924ec9127f68d15ae46a9

PODFILE CHECKSUM: 0bc6cb83430b8128afd3c2f29585f8735f1ad32c

COCOAPODS: 1.11.2
