PODS:
  - GoogleAds-IMA-iOS-SDK (3.14.5)
  - VoltaxSDK (1.2.0)

DEPENDENCIES:
  - GoogleAds-IMA-iOS-SDK (~> 3.14)
  - VoltaxSDK (= 1.2.0)

SPEC REPOS:
  trunk:
    - GoogleAds-IMA-iOS-SDK
    - VoltaxSDK

SPEC CHECKSUMS:
  GoogleAds-IMA-iOS-SDK: b088674002266c5638e73d10696c8b13872ee15e
  VoltaxSDK: 3c07d454267675a56746b16d723b0162634966f5

PODFILE CHECKSUM: 9746e96f03a8d11c8e5b9243e2cce87324efa557

COCOAPODS: 1.11.2
