PODS:
  - GoogleAds-IMA-iOS-SDK (3.14.5)
  - VoltaxSDK (1.3.0)

DEPENDENCIES:
  - GoogleAds-IMA-iOS-SDK (~> 3.14)
  - VoltaxSDK (= 1.3.0)

SPEC REPOS:
  trunk:
    - GoogleAds-IMA-iOS-SDK
    - VoltaxSDK

SPEC CHECKSUMS:
  GoogleAds-IMA-iOS-SDK: b088674002266c5638e73d10696c8b13872ee15e
  VoltaxSDK: a9d41028e62653462625be087cf007f26e466c17

PODFILE CHECKSUM: a5b280ceecb0730b0dd8c8c989d2f9dd9e875f66

COCOAPODS: 1.11.3
